
Microsoft Visual Studio Solution File, Format Version 12.00
# Visual Studio 15
VisualStudioVersion = 15.0.28307.168
MinimumVisualStudioVersion = 10.0.40219.1
Project("{9A19103F-16F7-4668-BE54-9A1E7A4F7556}") = "Azure.TableStorage", "Azure.TableStorage\Azure.TableStorage.csproj", "{BB368083-47A6-4299-8480-74DD05EE5CA7}"
EndProject
Project("{2150E333-8FDC-42A3-9474-1A3956D46DE8}") = "Test", "Test", "{A79FF9B8-33A6-4E49-A5A6-DD035A02EA02}"
EndProject
Project("{9A19103F-16F7-4668-BE54-9A1E7A4F7556}") = "Azure.TableStorage.Test", "Azure.TableStorage.Test\Azure.TableStorage.Test.csproj", "{E59FF1AA-7AE1-4277-AE42-E0C4776ED3AD}"
EndProject
Project("{9A19103F-16F7-4668-BE54-9A1E7A4F7556}") = "Azure.TableStorage.PerformanceTest", "Azure.TableStorage.PerformanceTest\Azure.TableStorage.PerformanceTest.csproj", "{D8E9E822-1930-47CA-A105-94D4C3D58F22}"
EndProject
Global
	GlobalSection(SolutionConfigurationPlatforms) = preSolution
		Debug|Any CPU = Debug|Any CPU
		Release|Any CPU = Release|Any CPU
	EndGlobalSection
	GlobalSection(ProjectConfigurationPlatforms) = postSolution
		{BB368083-47A6-4299-8480-74DD05EE5CA7}.Debug|Any CPU.ActiveCfg = Debug|Any CPU
		{BB368083-47A6-4299-8480-74DD05EE5CA7}.Debug|Any CPU.Build.0 = Debug|Any CPU
		{BB368083-47A6-4299-8480-74DD05EE5CA7}.Release|Any CPU.ActiveCfg = Release|Any CPU
		{BB368083-47A6-4299-8480-74DD05EE5CA7}.Release|Any CPU.Build.0 = Release|Any CPU
		{E59FF1AA-7AE1-4277-AE42-E0C4776ED3AD}.Debug|Any CPU.ActiveCfg = Debug|Any CPU
		{E59FF1AA-7AE1-4277-AE42-E0C4776ED3AD}.Debug|Any CPU.Build.0 = Debug|Any CPU
		{E59FF1AA-7AE1-4277-AE42-E0C4776ED3AD}.Release|Any CPU.ActiveCfg = Release|Any CPU
		{E59FF1AA-7AE1-4277-AE42-E0C4776ED3AD}.Release|Any CPU.Build.0 = Release|Any CPU
		{D8E9E822-1930-47CA-A105-94D4C3D58F22}.Debug|Any CPU.ActiveCfg = Debug|Any CPU
		{D8E9E822-1930-47CA-A105-94D4C3D58F22}.Debug|Any CPU.Build.0 = Debug|Any CPU
		{D8E9E822-1930-47CA-A105-94D4C3D58F22}.Release|Any CPU.ActiveCfg = Release|Any CPU
		{D8E9E822-1930-47CA-A105-94D4C3D58F22}.Release|Any CPU.Build.0 = Release|Any CPU
	EndGlobalSection
	GlobalSection(SolutionProperties) = preSolution
		HideSolutionNode = FALSE
	EndGlobalSection
	GlobalSection(NestedProjects) = preSolution
		{E59FF1AA-7AE1-4277-AE42-E0C4776ED3AD} = {A79FF9B8-33A6-4E49-A5A6-DD035A02EA02}
		{D8E9E822-1930-47CA-A105-94D4C3D58F22} = {A79FF9B8-33A6-4E49-A5A6-DD035A02EA02}
	EndGlobalSection
	GlobalSection(ExtensibilityGlobals) = postSolution
		SolutionGuid = {61E1651C-CCE0-4E53-A90B-E066ED48689E}
	EndGlobalSection
EndGlobal
